
Microsoft Visual Studio Solution File, Format Version 12.00
# Visual Studio Version 17
VisualStudioVersion = 17.8.34525.116
MinimumVisualStudioVersion = 10.0.40219.1
Project("{9A19103F-16F7-4668-BE54-9A1E7A4F7556}") = "MauiAppSpa", "MauiAppSpa\MauiAppSpa.csproj", "{C5277BEF-1771-4D8F-8DFB-0B316A3696B4}"
EndProject
Project("{9A19103F-16F7-4668-BE54-9A1E7A4F7556}") = "MauiAppForm", "MauiAppForm\MauiAppForm.csproj", "{C5F1F07A-2568-409A-8CAF-DCDDC126B477}"
EndProject
Global
	GlobalSection(SolutionConfigurationPlatforms) = preSolution
		Debug|Any CPU = Debug|Any CPU
		Release|Any CPU = Release|Any CPU
	EndGlobalSection
	GlobalSection(ProjectConfigurationPlatforms) = postSolution
		{C5277BEF-1771-4D8F-8DFB-0B316A3696B4}.Debug|Any CPU.ActiveCfg = Debug|Any CPU
		{C5277BEF-1771-4D8F-8DFB-0B316A3696B4}.Debug|Any CPU.Build.0 = Debug|Any CPU
		{C5277BEF-1771-4D8F-8DFB-0B316A3696B4}.Debug|Any CPU.Deploy.0 = Debug|Any CPU
		{C5277BEF-1771-4D8F-8DFB-0B316A3696B4}.Release|Any CPU.ActiveCfg = Release|Any CPU
		{C5277BEF-1771-4D8F-8DFB-0B316A3696B4}.Release|Any CPU.Build.0 = Release|Any CPU
		{C5277BEF-1771-4D8F-8DFB-0B316A3696B4}.Release|Any CPU.Deploy.0 = Release|Any CPU
		{C5F1F07A-2568-409A-8CAF-DCDDC126B477}.Debug|Any CPU.ActiveCfg = Debug|Any CPU
		{C5F1F07A-2568-409A-8CAF-DCDDC126B477}.Debug|Any CPU.Build.0 = Debug|Any CPU
		{C5F1F07A-2568-409A-8CAF-DCDDC126B477}.Debug|Any CPU.Deploy.0 = Debug|Any CPU
		{C5F1F07A-2568-409A-8CAF-DCDDC126B477}.Release|Any CPU.ActiveCfg = Release|Any CPU
		{C5F1F07A-2568-409A-8CAF-DCDDC126B477}.Release|Any CPU.Build.0 = Release|Any CPU
		{C5F1F07A-2568-409A-8CAF-DCDDC126B477}.Release|Any CPU.Deploy.0 = Release|Any CPU
	EndGlobalSection
	GlobalSection(SolutionProperties) = preSolution
		HideSolutionNode = FALSE
	EndGlobalSection
	GlobalSection(ExtensibilityGlobals) = postSolution
		SolutionGuid = {E29C1855-4C9D-4DC3-895E-12BB715D1C5E}
	EndGlobalSection
EndGlobal
