
Microsoft Visual Studio Solution File, Format Version 12.00
# Visual Studio Version 17
VisualStudioVersion = 17.8.34525.116
MinimumVisualStudioVersion = 10.0.40219.1
Project("{FAE04EC0-301F-11D3-BF4B-00C04F79EFBC}") = "AppLibSample.MauiForm", "AppLibSample.MauiForm\AppLibSample.MauiForm.csproj", "{CD730DED-60F2-4E6E-A8F2-93F2A10AD6D3}"
EndProject
Project("{FAE04EC0-301F-11D3-BF4B-00C04F79EFBC}") = "AppLibSample.MauiSpa", "AppLibSample.MauiSpa\AppLibSample.MauiSpa.csproj", "{63868EB1-FD56-4C2B-AD95-372DD1446B02}"
EndProject
Project("{FAE04EC0-301F-11D3-BF4B-00C04F79EFBC}") = "CoreSample.AndroidForm", "CoreSample.AndroidForm\CoreSample.AndroidForm.csproj", "{651DFDDA-7078-44B1-A521-DD760ABA9A79}"
EndProject
Project("{FAE04EC0-301F-11D3-BF4B-00C04F79EFBC}") = "CoreSample.MauiForm", "CoreSample.MauiForm\CoreSample.MauiForm.csproj", "{D1770458-9DC9-4660-B6F6-E4C4945A35B1}"
EndProject
Project("{FAE04EC0-301F-11D3-BF4B-00C04F79EFBC}") = "CoreSample.WinConsole", "CoreSample.WinConsole\CoreSample.WinConsole.csproj", "{B181363C-9081-4B65-8EB4-EF463B46CEAC}"
EndProject
Global
	GlobalSection(SolutionConfigurationPlatforms) = preSolution
		Debug|Any CPU = Debug|Any CPU
		Release|Any CPU = Release|Any CPU
	EndGlobalSection
	GlobalSection(ProjectConfigurationPlatforms) = postSolution
		{CD730DED-60F2-4E6E-A8F2-93F2A10AD6D3}.Debug|Any CPU.ActiveCfg = Debug|Any CPU
		{CD730DED-60F2-4E6E-A8F2-93F2A10AD6D3}.Debug|Any CPU.Build.0 = Debug|Any CPU
		{CD730DED-60F2-4E6E-A8F2-93F2A10AD6D3}.Debug|Any CPU.Deploy.0 = Debug|Any CPU
		{CD730DED-60F2-4E6E-A8F2-93F2A10AD6D3}.Release|Any CPU.ActiveCfg = Release|Any CPU
		{CD730DED-60F2-4E6E-A8F2-93F2A10AD6D3}.Release|Any CPU.Build.0 = Release|Any CPU
		{CD730DED-60F2-4E6E-A8F2-93F2A10AD6D3}.Release|Any CPU.Deploy.0 = Release|Any CPU
		{63868EB1-FD56-4C2B-AD95-372DD1446B02}.Debug|Any CPU.ActiveCfg = Debug|Any CPU
		{63868EB1-FD56-4C2B-AD95-372DD1446B02}.Debug|Any CPU.Build.0 = Debug|Any CPU
		{63868EB1-FD56-4C2B-AD95-372DD1446B02}.Debug|Any CPU.Deploy.0 = Debug|Any CPU
		{63868EB1-FD56-4C2B-AD95-372DD1446B02}.Release|Any CPU.ActiveCfg = Release|Any CPU
		{63868EB1-FD56-4C2B-AD95-372DD1446B02}.Release|Any CPU.Build.0 = Release|Any CPU
		{63868EB1-FD56-4C2B-AD95-372DD1446B02}.Release|Any CPU.Deploy.0 = Release|Any CPU
		{651DFDDA-7078-44B1-A521-DD760ABA9A79}.Debug|Any CPU.ActiveCfg = Debug|Any CPU
		{651DFDDA-7078-44B1-A521-DD760ABA9A79}.Debug|Any CPU.Build.0 = Debug|Any CPU
		{651DFDDA-7078-44B1-A521-DD760ABA9A79}.Debug|Any CPU.Deploy.0 = Debug|Any CPU
		{651DFDDA-7078-44B1-A521-DD760ABA9A79}.Release|Any CPU.ActiveCfg = Release|Any CPU
		{651DFDDA-7078-44B1-A521-DD760ABA9A79}.Release|Any CPU.Build.0 = Release|Any CPU
		{651DFDDA-7078-44B1-A521-DD760ABA9A79}.Release|Any CPU.Deploy.0 = Release|Any CPU
		{D1770458-9DC9-4660-B6F6-E4C4945A35B1}.Debug|Any CPU.ActiveCfg = Debug|Any CPU
		{D1770458-9DC9-4660-B6F6-E4C4945A35B1}.Debug|Any CPU.Build.0 = Debug|Any CPU
		{D1770458-9DC9-4660-B6F6-E4C4945A35B1}.Debug|Any CPU.Deploy.0 = Debug|Any CPU
		{D1770458-9DC9-4660-B6F6-E4C4945A35B1}.Release|Any CPU.ActiveCfg = Release|Any CPU
		{D1770458-9DC9-4660-B6F6-E4C4945A35B1}.Release|Any CPU.Build.0 = Release|Any CPU
		{D1770458-9DC9-4660-B6F6-E4C4945A35B1}.Release|Any CPU.Deploy.0 = Release|Any CPU
		{B181363C-9081-4B65-8EB4-EF463B46CEAC}.Debug|Any CPU.ActiveCfg = Debug|Any CPU
		{B181363C-9081-4B65-8EB4-EF463B46CEAC}.Debug|Any CPU.Build.0 = Debug|Any CPU
		{B181363C-9081-4B65-8EB4-EF463B46CEAC}.Release|Any CPU.ActiveCfg = Release|Any CPU
		{B181363C-9081-4B65-8EB4-EF463B46CEAC}.Release|Any CPU.Build.0 = Release|Any CPU
	EndGlobalSection
	GlobalSection(SolutionProperties) = preSolution
		HideSolutionNode = FALSE
	EndGlobalSection
	GlobalSection(ExtensibilityGlobals) = postSolution
		SolutionGuid = {E29C1855-4C9D-4DC3-895E-12BB715D1C5E}
	EndGlobalSection
EndGlobal
